
Microsoft Visual Studio Solution File, Format Version 12.00
# Visual Studio 15
VisualStudioVersion = 15.0.27703.2026
MinimumVisualStudioVersion = 10.0.40219.1
Project("{9A19103F-16F7-4668-BE54-9A1E7A4F7556}") = "OAA.Data", "OAA.Data\OAA.Data.csproj", "{AD5B0191-77A4-4B2D-A87F-14E1023C6411}"
EndProject
Project("{9A19103F-16F7-4668-BE54-9A1E7A4F7556}") = "OAA.Repo", "OAA.Repo\OAA.Repo.csproj", "{F2E552A7-6EF7-4C78-88A2-9561192AB8B4}"
EndProject
Project("{9A19103F-16F7-4668-BE54-9A1E7A4F7556}") = "OAA.Service", "OAA.Service\OAA.Service.csproj", "{6DCEAD91-F616-4353-867C-977847A8F0C3}"
EndProject
Project("{9A19103F-16F7-4668-BE54-9A1E7A4F7556}") = "OAA.Web", "OAA.Web\OAA.Web.csproj", "{2A4812BB-2E82-4203-8C9B-B3E642A22366}"
EndProject
Global
	GlobalSection(SolutionConfigurationPlatforms) = preSolution
		Debug|Any CPU = Debug|Any CPU
		Release|Any CPU = Release|Any CPU
	EndGlobalSection
	GlobalSection(ProjectConfigurationPlatforms) = postSolution
		{AD5B0191-77A4-4B2D-A87F-14E1023C6411}.Debug|Any CPU.ActiveCfg = Debug|Any CPU
		{AD5B0191-77A4-4B2D-A87F-14E1023C6411}.Debug|Any CPU.Build.0 = Debug|Any CPU
		{AD5B0191-77A4-4B2D-A87F-14E1023C6411}.Release|Any CPU.ActiveCfg = Release|Any CPU
		{AD5B0191-77A4-4B2D-A87F-14E1023C6411}.Release|Any CPU.Build.0 = Release|Any CPU
		{F2E552A7-6EF7-4C78-88A2-9561192AB8B4}.Debug|Any CPU.ActiveCfg = Debug|Any CPU
		{F2E552A7-6EF7-4C78-88A2-9561192AB8B4}.Debug|Any CPU.Build.0 = Debug|Any CPU
		{F2E552A7-6EF7-4C78-88A2-9561192AB8B4}.Release|Any CPU.ActiveCfg = Release|Any CPU
		{F2E552A7-6EF7-4C78-88A2-9561192AB8B4}.Release|Any CPU.Build.0 = Release|Any CPU
		{6DCEAD91-F616-4353-867C-977847A8F0C3}.Debug|Any CPU.ActiveCfg = Debug|Any CPU
		{6DCEAD91-F616-4353-867C-977847A8F0C3}.Debug|Any CPU.Build.0 = Debug|Any CPU
		{6DCEAD91-F616-4353-867C-977847A8F0C3}.Release|Any CPU.ActiveCfg = Release|Any CPU
		{6DCEAD91-F616-4353-867C-977847A8F0C3}.Release|Any CPU.Build.0 = Release|Any CPU
		{2A4812BB-2E82-4203-8C9B-B3E642A22366}.Debug|Any CPU.ActiveCfg = Debug|Any CPU
		{2A4812BB-2E82-4203-8C9B-B3E642A22366}.Debug|Any CPU.Build.0 = Debug|Any CPU
		{2A4812BB-2E82-4203-8C9B-B3E642A22366}.Release|Any CPU.ActiveCfg = Release|Any CPU
		{2A4812BB-2E82-4203-8C9B-B3E642A22366}.Release|Any CPU.Build.0 = Release|Any CPU
	EndGlobalSection
	GlobalSection(SolutionProperties) = preSolution
		HideSolutionNode = FALSE
	EndGlobalSection
	GlobalSection(ExtensibilityGlobals) = postSolution
		SolutionGuid = {AC5A31BE-1AE1-4F7C-B7BE-820795D57831}
	EndGlobalSection
EndGlobal
